
Microsoft Visual Studio Solution File, Format Version 12.00
# Visual Studio Version 17
VisualStudioVersion = 17.0.31903.59
MinimumVisualStudioVersion = 10.0.40219.1
Project("{FAE04EC0-301F-11D3-BF4B-00C04F79EFBC}") = "task04", "task04\task04.csproj", "{A6F996F4-075D-4B8E-BFC0-44C0C3BA0DE1}"
EndProject
Project("{FAE04EC0-301F-11D3-BF4B-00C04F79EFBC}") = "task04tests", "task04tests\task04tests.csproj", "{93396AC5-0365-4ACB-AEC8-DAD575B4E9D8}"
EndProject
Global
	GlobalSection(SolutionConfigurationPlatforms) = preSolution
		Debug|Any CPU = Debug|Any CPU
		Release|Any CPU = Release|Any CPU
	EndGlobalSection
	GlobalSection(SolutionProperties) = preSolution
		HideSolutionNode = FALSE
	EndGlobalSection
	GlobalSection(ProjectConfigurationPlatforms) = postSolution
		{A6F996F4-075D-4B8E-BFC0-44C0C3BA0DE1}.Debug|Any CPU.ActiveCfg = Debug|Any CPU
		{A6F996F4-075D-4B8E-BFC0-44C0C3BA0DE1}.Debug|Any CPU.Build.0 = Debug|Any CPU
		{A6F996F4-075D-4B8E-BFC0-44C0C3BA0DE1}.Release|Any CPU.ActiveCfg = Release|Any CPU
		{A6F996F4-075D-4B8E-BFC0-44C0C3BA0DE1}.Release|Any CPU.Build.0 = Release|Any CPU
		{93396AC5-0365-4ACB-AEC8-DAD575B4E9D8}.Debug|Any CPU.ActiveCfg = Debug|Any CPU
		{93396AC5-0365-4ACB-AEC8-DAD575B4E9D8}.Debug|Any CPU.Build.0 = Debug|Any CPU
		{93396AC5-0365-4ACB-AEC8-DAD575B4E9D8}.Release|Any CPU.ActiveCfg = Release|Any CPU
		{93396AC5-0365-4ACB-AEC8-DAD575B4E9D8}.Release|Any CPU.Build.0 = Release|Any CPU
	EndGlobalSection
EndGlobal
